fyne.io/fyne/v2 v2.6.3 h1:cvtM2KHeRuH+WhtHiA63z5wJVBkQ9+Ay0UMl9PxFHyA=
fyne.io/fyne/v2 v2.6.3/go.mod h1:NGSurpRElVoI1G3h+ab2df3O5KLGh1CGbsMMcX0bPIs=
github.com/chai2010/webp v1.4.0 h1:6DA2pkkRUPnbOHvvsmGI3He1hBKf/bkRlniAiSGuEko=
github.com/chai2010/webp v1.4.0/go.mod h1:0XVwvZWdjjdxpUEIf7b9g9VkHFnInUSYujwqTLEuldU=
golang.org/x/image v0.30.0 h1:jD5RhkmVAnjqaCUXfbGBrn3lpxbknfN9w2UhHHU+5B4=
golang.org/x/image v0.30.0/go.mod h1:SAEUTxCCMWSrJcCy/4HwavEsfZZJlYxeHLc6tTiAe/c=
